
Microsoft Visual Studio Solution File, Format Version 12.00
# Visual Studio 2013
VisualStudioVersion = 12.0.21005.1
MinimumVisualStudioVersion = 10.0.40219.1
Project("{FAE04EC0-301F-11D3-BF4B-00C04F79EFBC}") = "Tetris.GameEngine", "Tetris.GameEngine\Tetris.GameEngine.csproj", "{08DF20B9-672F-4BBE-9935-DFC59AD25906}"
EndProject
Project("{FAE04EC0-301F-11D3-BF4B-00C04F79EFBC}") = "Tetris.GameEngine.Test", "Tetris.GameEngine.Test\Tetris.GameEngine.Test.csproj", "{C8C16BAA-D2C3-4B49-8698-B8DFD561DEC2}"
EndProject
Project("{FAE04EC0-301F-11D3-BF4B-00C04F79EFBC}") = "Tetris.ConsoleUI", "Tetris.ConsoleUI\Tetris.ConsoleUI.csproj", "{7A8D019A-5B12-422A-B76F-252232685848}"
EndProject
Project("{FAE04EC0-301F-11D3-BF4B-00C04F79EFBC}") = "Tetris.DesktopUI", "Tetris.DesktopUI\Tetris.DesktopUI.csproj", "{B4FC1B1B-96A0-45BC-886E-E8F1A7997F7F}"
EndProject
Global
	GlobalSection(SolutionConfigurationPlatforms) = preSolution
		Debug|Any CPU = Debug|Any CPU
		Release|Any CPU = Release|Any CPU
	EndGlobalSection
	GlobalSection(ProjectConfigurationPlatforms) = postSolution
		{08DF20B9-672F-4BBE-9935-DFC59AD25906}.Debug|Any CPU.ActiveCfg = Debug|Any CPU
		{08DF20B9-672F-4BBE-9935-DFC59AD25906}.Debug|Any CPU.Build.0 = Debug|Any CPU
		{08DF20B9-672F-4BBE-9935-DFC59AD25906}.Release|Any CPU.ActiveCfg = Release|Any CPU
		{08DF20B9-672F-4BBE-9935-DFC59AD25906}.Release|Any CPU.Build.0 = Release|Any CPU
		{C8C16BAA-D2C3-4B49-8698-B8DFD561DEC2}.Debug|Any CPU.ActiveCfg = Debug|Any CPU
		{C8C16BAA-D2C3-4B49-8698-B8DFD561DEC2}.Debug|Any CPU.Build.0 = Debug|Any CPU
		{C8C16BAA-D2C3-4B49-8698-B8DFD561DEC2}.Release|Any CPU.ActiveCfg = Release|Any CPU
		{C8C16BAA-D2C3-4B49-8698-B8DFD561DEC2}.Release|Any CPU.Build.0 = Release|Any CPU
		{7A8D019A-5B12-422A-B76F-252232685848}.Debug|Any CPU.ActiveCfg = Debug|Any CPU
		{7A8D019A-5B12-422A-B76F-252232685848}.Debug|Any CPU.Build.0 = Debug|Any CPU
		{7A8D019A-5B12-422A-B76F-252232685848}.Release|Any CPU.ActiveCfg = Release|Any CPU
		{7A8D019A-5B12-422A-B76F-252232685848}.Release|Any CPU.Build.0 = Release|Any CPU
		{B4FC1B1B-96A0-45BC-886E-E8F1A7997F7F}.Debug|Any CPU.ActiveCfg = Debug|Any CPU
		{B4FC1B1B-96A0-45BC-886E-E8F1A7997F7F}.Debug|Any CPU.Build.0 = Debug|Any CPU
		{B4FC1B1B-96A0-45BC-886E-E8F1A7997F7F}.Release|Any CPU.ActiveCfg = Release|Any CPU
		{B4FC1B1B-96A0-45BC-886E-E8F1A7997F7F}.Release|Any CPU.Build.0 = Release|Any CPU
	EndGlobalSection
	GlobalSection(SolutionProperties) = preSolution
		HideSolutionNode = FALSE
	EndGlobalSection
EndGlobal
